
Microsoft Visual Studio Solution File, Format Version 12.00
# Visual Studio Version 17
VisualStudioVersion = 17.0.31903.59
MinimumVisualStudioVersion = 10.0.40219.1
Project("{2150E333-8FDC-42A3-9474-1A3956D46DE8}") = "src", "src", "{827E0CD3-B72D-47B6-A68D-7590B98EB39B}"
EndProject
Project("{2150E333-8FDC-42A3-9474-1A3956D46DE8}") = "WebSockets", "WebSockets", "{3B67CF67-9388-5A14-B3D2-F6F69E5ABE36}"
EndProject
Project("{FAE04EC0-301F-11D3-BF4B-00C04F79EFBC}") = "Agyo.WebSockets", "src\WebSockets\Agyo.WebSockets.csproj", "{4C71FEDB-15DB-45C1-AF7A-3F70AB9952E1}"
EndProject
Project("{2150E333-8FDC-42A3-9474-1A3956D46DE8}") = "Tagging", "Tagging", "{314FA99C-A4DC-5C2E-74B2-AB6E0ADBEA0D}"
EndProject
Project("{FAE04EC0-301F-11D3-BF4B-00C04F79EFBC}") = "Agyo.Tagging", "src\Tagging\Agyo.Tagging.csproj", "{8A1EE07F-26CF-472F-9679-EF85B19BD457}"
EndProject
Project("{2150E333-8FDC-42A3-9474-1A3956D46DE8}") = "Translation", "Translation", "{D53163E4-8810-3D7A-1A3B-8229BA77D324}"
EndProject
Project("{FAE04EC0-301F-11D3-BF4B-00C04F79EFBC}") = "Agyo.Translation", "src\Translation\Agyo.Translation.csproj", "{A4189C17-7735-44B1-BF02-3F237C1D59F7}"
EndProject
Project("{2150E333-8FDC-42A3-9474-1A3956D46DE8}") = "Web", "Web", "{03997797-E7F5-0643-168D-B8EA7178C2FE}"
EndProject
Project("{2150E333-8FDC-42A3-9474-1A3956D46DE8}") = "GraphQl", "GraphQl", "{DF44A251-8DF9-83E1-6745-C09F89D9D740}"
EndProject
Project("{FAE04EC0-301F-11D3-BF4B-00C04F79EFBC}") = "Agyo.Web.GraphQl", "src\Web\GraphQl\Agyo.Web.GraphQl.csproj", "{864751BF-687F-4A82-AB4F-FCEFCCE09BE1}"
EndProject
Project("{2150E333-8FDC-42A3-9474-1A3956D46DE8}") = "Data", "Data", "{58A5B24B-8FB4-5A6E-5EF4-1E3E19F29B1B}"
EndProject
Project("{2150E333-8FDC-42A3-9474-1A3956D46DE8}") = "Vector", "Vector", "{E10B3409-3394-B8B6-D7DD-01FEEA0377AC}"
EndProject
Project("{2150E333-8FDC-42A3-9474-1A3956D46DE8}") = "PGVector", "PGVector", "{9F786254-9FF5-CEA9-2061-E15976C5A382}"
EndProject
Project("{FAE04EC0-301F-11D3-BF4B-00C04F79EFBC}") = "Agyo.Data.Vector.PGVector", "src\Data\Vector\PGVector\Agyo.Data.Vector.PGVector.csproj", "{03716A04-680A-40E2-A982-A120F0A434ED}"
EndProject
Project("{2150E333-8FDC-42A3-9474-1A3956D46DE8}") = "Rag.Abstractions", "Rag.Abstractions", "{426A7048-8283-BAE6-BD7B-DED616B6BDC3}"
EndProject
Project("{FAE04EC0-301F-11D3-BF4B-00C04F79EFBC}") = "Agyo.Rag.Abstractions", "src\Rag.Abstractions\Agyo.Rag.Abstractions.csproj", "{2F9486E2-0C41-4C85-880B-DA412D642200}"
EndProject
Project("{2150E333-8FDC-42A3-9474-1A3956D46DE8}") = "Rag", "Rag", "{D88A8E56-F727-3664-1275-7C905824BD75}"
EndProject
Project("{FAE04EC0-301F-11D3-BF4B-00C04F79EFBC}") = "Agyo.Rag", "src\Rag\Agyo.Rag.csproj", "{858D2878-43CD-47CA-AA64-2DBA40DC6991}"
EndProject
Project("{2150E333-8FDC-42A3-9474-1A3956D46DE8}") = "tests", "tests", "{0AB3BF05-4346-4AA6-1389-037BE0695223}"
EndProject
Project("{FAE04EC0-301F-11D3-BF4B-00C04F79EFBC}") = "Agyo.Testing", "tests\Agyo.Testing\Agyo.Testing.csproj", "{6823D6FE-C98D-44A9-B143-C7D4D56B515D}"
EndProject
Project("{2150E333-8FDC-42A3-9474-1A3956D46DE8}") = "Secrets.Abstractions", "Secrets.Abstractions", "{FCD62356-C98E-47E9-DD6D-7714502426EE}"
EndProject
Project("{FAE04EC0-301F-11D3-BF4B-00C04F79EFBC}") = "Agyo.Secrets.Abstractions", "src\Secrets.Abstractions\Agyo.Secrets.Abstractions.csproj", "{8D4AD557-40CB-470D-8D49-74187F91FE4C}"
EndProject
Project("{2150E333-8FDC-42A3-9474-1A3956D46DE8}") = "Secrets.Core", "Secrets.Core", "{7719DD96-715A-9BAF-B410-CDBF9C00F5B4}"
EndProject
Project("{FAE04EC0-301F-11D3-BF4B-00C04F79EFBC}") = "Agyo.Secrets.Core", "src\Secrets.Core\Agyo.Secrets.Core.csproj", "{A9DE6193-AB23-4088-BA3A-02D2C5A109A9}"
EndProject
Project("{2150E333-8FDC-42A3-9474-1A3956D46DE8}") = "Secrets", "Secrets", "{714165A8-307B-D8E6-B664-23D86730FDFC}"
EndProject
Project("{2150E333-8FDC-42A3-9474-1A3956D46DE8}") = "Vault", "Vault", "{CD755DE4-5B20-6E67-BEE1-01E6E0F9F4F4}"
EndProject
Project("{FAE04EC0-301F-11D3-BF4B-00C04F79EFBC}") = "Agyo.Secrets.Connector.Vault", "src\Secrets\Vault\Agyo.Secrets.Connector.Vault.csproj", "{1FE6FBC1-9895-4AB2-AEEA-E1D9B2174C84}"
EndProject
Project("{2150E333-8FDC-42A3-9474-1A3956D46DE8}") = "Scheduling", "Scheduling", "{9BA257B0-EFF7-2328-85A8-2BE071D74F32}"
EndProject
Project("{FAE04EC0-301F-11D3-BF4B-00C04F79EFBC}") = "Agyo.Scheduling", "src\Scheduling\Agyo.Scheduling.csproj", "{2665DD72-B215-4688-BFD1-8C90700C03FD}"
EndProject
Project("{2150E333-8FDC-42A3-9474-1A3956D46DE8}") = "Observability", "Observability", "{3339D402-2AB5-41A5-71BE-05E6399CF675}"
EndProject
Project("{FAE04EC0-301F-11D3-BF4B-00C04F79EFBC}") = "Agyo.Observability", "src\Observability\Agyo.Observability.csproj", "{13F4B0B1-24DE-46CF-AAAB-A7F8528CD938}"
EndProject
Project("{2150E333-8FDC-42A3-9474-1A3956D46DE8}") = "Data", "Data", "{1051BD71-A06F-1F81-0610-AC9897EA1EE8}"
EndProject
Project("{2150E333-8FDC-42A3-9474-1A3956D46DE8}") = "Vector", "Vector", "{177CECA3-2BEC-EBD1-2839-8A1D9976BC5C}"
EndProject
Project("{2150E333-8FDC-42A3-9474-1A3956D46DE8}") = "PGVector", "PGVector", "{FC34F054-3D73-3B0E-F618-A80C8ACAC777}"
EndProject
Project("{FAE04EC0-301F-11D3-BF4B-00C04F79EFBC}") = "Agyo.PGVector.Tests", "tests\Data\Vector\PGVector\Agyo.PGVector.Tests\Agyo.PGVector.Tests.csproj", "{8955028F-5458-425A-B6C5-538D9BBE76C0}"
EndProject
Project("{2150E333-8FDC-42A3-9474-1A3956D46DE8}") = "Observability", "Observability", "{2A4D681E-3466-09CF-A4B6-E8B88A6C7529}"
EndProject
Project("{FAE04EC0-301F-11D3-BF4B-00C04F79EFBC}") = "Agyo.Observability.Tests", "tests\Observability\Agyo.Observability.Tests\Agyo.Observability.Tests.csproj", "{8337B358-A6D0-4BCC-8717-5A44EFA11CAA}"
EndProject
Project("{2150E333-8FDC-42A3-9474-1A3956D46DE8}") = "Rag", "Rag", "{3C19B6CD-9D3E-EFBF-E0B3-244C787AF08C}"
EndProject
Project("{FAE04EC0-301F-11D3-BF4B-00C04F79EFBC}") = "Agyo.Rag.Tests", "tests\Rag\Agyo.Rag.Tests\Agyo.Rag.Tests.csproj", "{E14207B1-70A4-4174-A9C3-6A1B60883BDB}"
EndProject
Project("{2150E333-8FDC-42A3-9474-1A3956D46DE8}") = "Scheduling", "Scheduling", "{5322B69A-5E40-DD49-F0DE-0779A29350EB}"
EndProject
Project("{FAE04EC0-301F-11D3-BF4B-00C04F79EFBC}") = "Agyo.Scheduling.Tests", "tests\Scheduling\Agyo.Scheduling.Tests\Agyo.Scheduling.Tests.csproj", "{43AE3232-65C4-4F7F-9163-9C111BD40734}"
EndProject
Project("{2150E333-8FDC-42A3-9474-1A3956D46DE8}") = "Secrets.Core", "Secrets.Core", "{27D326DA-42F7-41D1-16A8-6FBC2A71A5CB}"
EndProject
Project("{FAE04EC0-301F-11D3-BF4B-00C04F79EFBC}") = "Agyo.Secrets.Tests", "tests\Secrets.Core\Agyo.Secrets.Tests\Agyo.Secrets.Tests.csproj", "{136727D0-CC24-44D0-B8D5-88CDFB78A0AC}"
EndProject
Project("{2150E333-8FDC-42A3-9474-1A3956D46DE8}") = "Tagging", "Tagging", "{AF25AB85-5B82-B5D4-F1E8-C7E79043EC7B}"
EndProject
Project("{FAE04EC0-301F-11D3-BF4B-00C04F79EFBC}") = "Agyo.Tagging.Tests", "tests\Tagging\Agyo.Tagging.Tests\Agyo.Tagging.Tests.csproj", "{69F07CF8-E198-44D8-AC94-C1ECEB89E6CF}"
EndProject
Project("{2150E333-8FDC-42A3-9474-1A3956D46DE8}") = "Translation", "Translation", "{DA079E42-5CCF-9661-15D8-3EFE1CB55270}"
EndProject
Project("{FAE04EC0-301F-11D3-BF4B-00C04F79EFBC}") = "Agyo.Translation.Tests", "tests\Translation\Agyo.Translation.Tests\Agyo.Translation.Tests.csproj", "{4135AC42-1AFA-4895-8E7D-6146226926C1}"
EndProject
Project("{2150E333-8FDC-42A3-9474-1A3956D46DE8}") = "Web", "Web", "{62EB4910-3085-D5F7-07F0-ADDD05668AE4}"
EndProject
Project("{2150E333-8FDC-42A3-9474-1A3956D46DE8}") = "GraphQl", "GraphQl", "{0E06BC10-A4B7-6B60-9462-A411543277A5}"
EndProject
Project("{FAE04EC0-301F-11D3-BF4B-00C04F79EFBC}") = "Agyo.GraphQl.Tests", "tests\Web\GraphQl\Agyo.GraphQl.Tests\Agyo.GraphQl.Tests.csproj", "{8E9A7A1B-70B9-4ED2-AF98-8A90AAAE23CB}"
EndProject
Project("{2150E333-8FDC-42A3-9474-1A3956D46DE8}") = "WebSockets", "WebSockets", "{82BCBF12-36D2-3ABE-7F07-7301DBB31A76}"
EndProject
Project("{FAE04EC0-301F-11D3-BF4B-00C04F79EFBC}") = "Agyo.WebSockets.Tests", "tests\WebSockets\Agyo.WebSockets.Tests\Agyo.WebSockets.Tests.csproj", "{2F00A79A-7FB9-4657-A2AB-990406DAABB0}"
EndProject
Project("{2150E333-8FDC-42A3-9474-1A3956D46DE8}") = "Service", "Service", "{226567F5-DD15-7888-5BF1-C4407778305A}"
EndProject
Project("{FAE04EC0-301F-11D3-BF4B-00C04F79EFBC}") = "Agyo.Service.Librarian", "src\Service\Librarian\Agyo.Service.Librarian.csproj", "{2125CAEA-2646-4224-8554-4C40C296360D}"
EndProject
Project("{FAE04EC0-301F-11D3-BF4B-00C04F79EFBC}") = "Agyo.Service.Librarian.Tests", "tests\Service\Librarian\Agyo.Service.Librarian.Tests\Agyo.Service.Librarian.Tests.csproj", "{1C8FC34A-FFC3-4DC1-9BB2-C935F0177B89}"
EndProject
Global
	GlobalSection(SolutionConfigurationPlatforms) = preSolution
		Debug|Any CPU = Debug|Any CPU
		Debug|x64 = Debug|x64
		Debug|x86 = Debug|x86
		Release|Any CPU = Release|Any CPU
		Release|x64 = Release|x64
		Release|x86 = Release|x86
	EndGlobalSection
	GlobalSection(ProjectConfigurationPlatforms) = postSolution
		{4C71FEDB-15DB-45C1-AF7A-3F70AB9952E1}.Debug|Any CPU.ActiveCfg = Debug|Any CPU
		{4C71FEDB-15DB-45C1-AF7A-3F70AB9952E1}.Debug|Any CPU.Build.0 = Debug|Any CPU
		{4C71FEDB-15DB-45C1-AF7A-3F70AB9952E1}.Debug|x64.ActiveCfg = Debug|Any CPU
		{4C71FEDB-15DB-45C1-AF7A-3F70AB9952E1}.Debug|x64.Build.0 = Debug|Any CPU
		{4C71FEDB-15DB-45C1-AF7A-3F70AB9952E1}.Debug|x86.ActiveCfg = Debug|Any CPU
		{4C71FEDB-15DB-45C1-AF7A-3F70AB9952E1}.Debug|x86.Build.0 = Debug|Any CPU
		{4C71FEDB-15DB-45C1-AF7A-3F70AB9952E1}.Release|Any CPU.ActiveCfg = Release|Any CPU
		{4C71FEDB-15DB-45C1-AF7A-3F70AB9952E1}.Release|Any CPU.Build.0 = Release|Any CPU
		{4C71FEDB-15DB-45C1-AF7A-3F70AB9952E1}.Release|x64.ActiveCfg = Release|Any CPU
		{4C71FEDB-15DB-45C1-AF7A-3F70AB9952E1}.Release|x64.Build.0 = Release|Any CPU
		{4C71FEDB-15DB-45C1-AF7A-3F70AB9952E1}.Release|x86.ActiveCfg = Release|Any CPU
		{4C71FEDB-15DB-45C1-AF7A-3F70AB9952E1}.Release|x86.Build.0 = Release|Any CPU
		{8A1EE07F-26CF-472F-9679-EF85B19BD457}.Debug|Any CPU.ActiveCfg = Debug|Any CPU
		{8A1EE07F-26CF-472F-9679-EF85B19BD457}.Debug|Any CPU.Build.0 = Debug|Any CPU
		{8A1EE07F-26CF-472F-9679-EF85B19BD457}.Debug|x64.ActiveCfg = Debug|Any CPU
		{8A1EE07F-26CF-472F-9679-EF85B19BD457}.Debug|x64.Build.0 = Debug|Any CPU
		{8A1EE07F-26CF-472F-9679-EF85B19BD457}.Debug|x86.ActiveCfg = Debug|Any CPU
		{8A1EE07F-26CF-472F-9679-EF85B19BD457}.Debug|x86.Build.0 = Debug|Any CPU
		{8A1EE07F-26CF-472F-9679-EF85B19BD457}.Release|Any CPU.ActiveCfg = Release|Any CPU
		{8A1EE07F-26CF-472F-9679-EF85B19BD457}.Release|Any CPU.Build.0 = Release|Any CPU
		{8A1EE07F-26CF-472F-9679-EF85B19BD457}.Release|x64.ActiveCfg = Release|Any CPU
		{8A1EE07F-26CF-472F-9679-EF85B19BD457}.Release|x64.Build.0 = Release|Any CPU
		{8A1EE07F-26CF-472F-9679-EF85B19BD457}.Release|x86.ActiveCfg = Release|Any CPU
		{8A1EE07F-26CF-472F-9679-EF85B19BD457}.Release|x86.Build.0 = Release|Any CPU
		{A4189C17-7735-44B1-BF02-3F237C1D59F7}.Debug|Any CPU.ActiveCfg = Debug|Any CPU
		{A4189C17-7735-44B1-BF02-3F237C1D59F7}.Debug|Any CPU.Build.0 = Debug|Any CPU
		{A4189C17-7735-44B1-BF02-3F237C1D59F7}.Debug|x64.ActiveCfg = Debug|Any CPU
		{A4189C17-7735-44B1-BF02-3F237C1D59F7}.Debug|x64.Build.0 = Debug|Any CPU
		{A4189C17-7735-44B1-BF02-3F237C1D59F7}.Debug|x86.ActiveCfg = Debug|Any CPU
		{A4189C17-7735-44B1-BF02-3F237C1D59F7}.Debug|x86.Build.0 = Debug|Any CPU
		{A4189C17-7735-44B1-BF02-3F237C1D59F7}.Release|Any CPU.ActiveCfg = Release|Any CPU
		{A4189C17-7735-44B1-BF02-3F237C1D59F7}.Release|Any CPU.Build.0 = Release|Any CPU
		{A4189C17-7735-44B1-BF02-3F237C1D59F7}.Release|x64.ActiveCfg = Release|Any CPU
		{A4189C17-7735-44B1-BF02-3F237C1D59F7}.Release|x64.Build.0 = Release|Any CPU
		{A4189C17-7735-44B1-BF02-3F237C1D59F7}.Release|x86.ActiveCfg = Release|Any CPU
		{A4189C17-7735-44B1-BF02-3F237C1D59F7}.Release|x86.Build.0 = Release|Any CPU
		{864751BF-687F-4A82-AB4F-FCEFCCE09BE1}.Debug|Any CPU.ActiveCfg = Debug|Any CPU
		{864751BF-687F-4A82-AB4F-FCEFCCE09BE1}.Debug|Any CPU.Build.0 = Debug|Any CPU
		{864751BF-687F-4A82-AB4F-FCEFCCE09BE1}.Debug|x64.ActiveCfg = Debug|Any CPU
		{864751BF-687F-4A82-AB4F-FCEFCCE09BE1}.Debug|x64.Build.0 = Debug|Any CPU
		{864751BF-687F-4A82-AB4F-FCEFCCE09BE1}.Debug|x86.ActiveCfg = Debug|Any CPU
		{864751BF-687F-4A82-AB4F-FCEFCCE09BE1}.Debug|x86.Build.0 = Debug|Any CPU
		{864751BF-687F-4A82-AB4F-FCEFCCE09BE1}.Release|Any CPU.ActiveCfg = Release|Any CPU
		{864751BF-687F-4A82-AB4F-FCEFCCE09BE1}.Release|Any CPU.Build.0 = Release|Any CPU
		{864751BF-687F-4A82-AB4F-FCEFCCE09BE1}.Release|x64.ActiveCfg = Release|Any CPU
		{864751BF-687F-4A82-AB4F-FCEFCCE09BE1}.Release|x64.Build.0 = Release|Any CPU
		{864751BF-687F-4A82-AB4F-FCEFCCE09BE1}.Release|x86.ActiveCfg = Release|Any CPU
		{864751BF-687F-4A82-AB4F-FCEFCCE09BE1}.Release|x86.Build.0 = Release|Any CPU
		{03716A04-680A-40E2-A982-A120F0A434ED}.Debug|Any CPU.ActiveCfg = Debug|Any CPU
		{03716A04-680A-40E2-A982-A120F0A434ED}.Debug|Any CPU.Build.0 = Debug|Any CPU
		{03716A04-680A-40E2-A982-A120F0A434ED}.Debug|x64.ActiveCfg = Debug|Any CPU
		{03716A04-680A-40E2-A982-A120F0A434ED}.Debug|x64.Build.0 = Debug|Any CPU
		{03716A04-680A-40E2-A982-A120F0A434ED}.Debug|x86.ActiveCfg = Debug|Any CPU
		{03716A04-680A-40E2-A982-A120F0A434ED}.Debug|x86.Build.0 = Debug|Any CPU
		{03716A04-680A-40E2-A982-A120F0A434ED}.Release|Any CPU.ActiveCfg = Release|Any CPU
		{03716A04-680A-40E2-A982-A120F0A434ED}.Release|Any CPU.Build.0 = Release|Any CPU
		{03716A04-680A-40E2-A982-A120F0A434ED}.Release|x64.ActiveCfg = Release|Any CPU
		{03716A04-680A-40E2-A982-A120F0A434ED}.Release|x64.Build.0 = Release|Any CPU
		{03716A04-680A-40E2-A982-A120F0A434ED}.Release|x86.ActiveCfg = Release|Any CPU
		{03716A04-680A-40E2-A982-A120F0A434ED}.Release|x86.Build.0 = Release|Any CPU
		{2F9486E2-0C41-4C85-880B-DA412D642200}.Debug|Any CPU.ActiveCfg = Debug|Any CPU
		{2F9486E2-0C41-4C85-880B-DA412D642200}.Debug|Any CPU.Build.0 = Debug|Any CPU
		{2F9486E2-0C41-4C85-880B-DA412D642200}.Debug|x64.ActiveCfg = Debug|Any CPU
		{2F9486E2-0C41-4C85-880B-DA412D642200}.Debug|x64.Build.0 = Debug|Any CPU
		{2F9486E2-0C41-4C85-880B-DA412D642200}.Debug|x86.ActiveCfg = Debug|Any CPU
		{2F9486E2-0C41-4C85-880B-DA412D642200}.Debug|x86.Build.0 = Debug|Any CPU
		{2F9486E2-0C41-4C85-880B-DA412D642200}.Release|Any CPU.ActiveCfg = Release|Any CPU
		{2F9486E2-0C41-4C85-880B-DA412D642200}.Release|Any CPU.Build.0 = Release|Any CPU
		{2F9486E2-0C41-4C85-880B-DA412D642200}.Release|x64.ActiveCfg = Release|Any CPU
		{2F9486E2-0C41-4C85-880B-DA412D642200}.Release|x64.Build.0 = Release|Any CPU
		{2F9486E2-0C41-4C85-880B-DA412D642200}.Release|x86.ActiveCfg = Release|Any CPU
		{2F9486E2-0C41-4C85-880B-DA412D642200}.Release|x86.Build.0 = Release|Any CPU
		{858D2878-43CD-47CA-AA64-2DBA40DC6991}.Debug|Any CPU.ActiveCfg = Debug|Any CPU
		{858D2878-43CD-47CA-AA64-2DBA40DC6991}.Debug|Any CPU.Build.0 = Debug|Any CPU
		{858D2878-43CD-47CA-AA64-2DBA40DC6991}.Debug|x64.ActiveCfg = Debug|Any CPU
		{858D2878-43CD-47CA-AA64-2DBA40DC6991}.Debug|x64.Build.0 = Debug|Any CPU
		{858D2878-43CD-47CA-AA64-2DBA40DC6991}.Debug|x86.ActiveCfg = Debug|Any CPU
		{858D2878-43CD-47CA-AA64-2DBA40DC6991}.Debug|x86.Build.0 = Debug|Any CPU
		{858D2878-43CD-47CA-AA64-2DBA40DC6991}.Release|Any CPU.ActiveCfg = Release|Any CPU
		{858D2878-43CD-47CA-AA64-2DBA40DC6991}.Release|Any CPU.Build.0 = Release|Any CPU
		{858D2878-43CD-47CA-AA64-2DBA40DC6991}.Release|x64.ActiveCfg = Release|Any CPU
		{858D2878-43CD-47CA-AA64-2DBA40DC6991}.Release|x64.Build.0 = Release|Any CPU
		{858D2878-43CD-47CA-AA64-2DBA40DC6991}.Release|x86.ActiveCfg = Release|Any CPU
		{858D2878-43CD-47CA-AA64-2DBA40DC6991}.Release|x86.Build.0 = Release|Any CPU
		{6823D6FE-C98D-44A9-B143-C7D4D56B515D}.Debug|Any CPU.ActiveCfg = Debug|Any CPU
		{6823D6FE-C98D-44A9-B143-C7D4D56B515D}.Debug|Any CPU.Build.0 = Debug|Any CPU
		{6823D6FE-C98D-44A9-B143-C7D4D56B515D}.Debug|x64.ActiveCfg = Debug|Any CPU
		{6823D6FE-C98D-44A9-B143-C7D4D56B515D}.Debug|x64.Build.0 = Debug|Any CPU
		{6823D6FE-C98D-44A9-B143-C7D4D56B515D}.Debug|x86.ActiveCfg = Debug|Any CPU
		{6823D6FE-C98D-44A9-B143-C7D4D56B515D}.Debug|x86.Build.0 = Debug|Any CPU
		{6823D6FE-C98D-44A9-B143-C7D4D56B515D}.Release|Any CPU.ActiveCfg = Release|Any CPU
		{6823D6FE-C98D-44A9-B143-C7D4D56B515D}.Release|Any CPU.Build.0 = Release|Any CPU
		{6823D6FE-C98D-44A9-B143-C7D4D56B515D}.Release|x64.ActiveCfg = Release|Any CPU
		{6823D6FE-C98D-44A9-B143-C7D4D56B515D}.Release|x64.Build.0 = Release|Any CPU
		{6823D6FE-C98D-44A9-B143-C7D4D56B515D}.Release|x86.ActiveCfg = Release|Any CPU
		{6823D6FE-C98D-44A9-B143-C7D4D56B515D}.Release|x86.Build.0 = Release|Any CPU
		{8D4AD557-40CB-470D-8D49-74187F91FE4C}.Debug|Any CPU.ActiveCfg = Debug|Any CPU
		{8D4AD557-40CB-470D-8D49-74187F91FE4C}.Debug|Any CPU.Build.0 = Debug|Any CPU
		{8D4AD557-40CB-470D-8D49-74187F91FE4C}.Debug|x64.ActiveCfg = Debug|Any CPU
		{8D4AD557-40CB-470D-8D49-74187F91FE4C}.Debug|x64.Build.0 = Debug|Any CPU
		{8D4AD557-40CB-470D-8D49-74187F91FE4C}.Debug|x86.ActiveCfg = Debug|Any CPU
		{8D4AD557-40CB-470D-8D49-74187F91FE4C}.Debug|x86.Build.0 = Debug|Any CPU
		{8D4AD557-40CB-470D-8D49-74187F91FE4C}.Release|Any CPU.ActiveCfg = Release|Any CPU
		{8D4AD557-40CB-470D-8D49-74187F91FE4C}.Release|Any CPU.Build.0 = Release|Any CPU
		{8D4AD557-40CB-470D-8D49-74187F91FE4C}.Release|x64.ActiveCfg = Release|Any CPU
		{8D4AD557-40CB-470D-8D49-74187F91FE4C}.Release|x64.Build.0 = Release|Any CPU
		{8D4AD557-40CB-470D-8D49-74187F91FE4C}.Release|x86.ActiveCfg = Release|Any CPU
		{8D4AD557-40CB-470D-8D49-74187F91FE4C}.Release|x86.Build.0 = Release|Any CPU
		{A9DE6193-AB23-4088-BA3A-02D2C5A109A9}.Debug|Any CPU.ActiveCfg = Debug|Any CPU
		{A9DE6193-AB23-4088-BA3A-02D2C5A109A9}.Debug|Any CPU.Build.0 = Debug|Any CPU
		{A9DE6193-AB23-4088-BA3A-02D2C5A109A9}.Debug|x64.ActiveCfg = Debug|Any CPU
		{A9DE6193-AB23-4088-BA3A-02D2C5A109A9}.Debug|x64.Build.0 = Debug|Any CPU
		{A9DE6193-AB23-4088-BA3A-02D2C5A109A9}.Debug|x86.ActiveCfg = Debug|Any CPU
		{A9DE6193-AB23-4088-BA3A-02D2C5A109A9}.Debug|x86.Build.0 = Debug|Any CPU
		{A9DE6193-AB23-4088-BA3A-02D2C5A109A9}.Release|Any CPU.ActiveCfg = Release|Any CPU
		{A9DE6193-AB23-4088-BA3A-02D2C5A109A9}.Release|Any CPU.Build.0 = Release|Any CPU
		{A9DE6193-AB23-4088-BA3A-02D2C5A109A9}.Release|x64.ActiveCfg = Release|Any CPU
		{A9DE6193-AB23-4088-BA3A-02D2C5A109A9}.Release|x64.Build.0 = Release|Any CPU
		{A9DE6193-AB23-4088-BA3A-02D2C5A109A9}.Release|x86.ActiveCfg = Release|Any CPU
		{A9DE6193-AB23-4088-BA3A-02D2C5A109A9}.Release|x86.Build.0 = Release|Any CPU
		{1FE6FBC1-9895-4AB2-AEEA-E1D9B2174C84}.Debug|Any CPU.ActiveCfg = Debug|Any CPU
		{1FE6FBC1-9895-4AB2-AEEA-E1D9B2174C84}.Debug|Any CPU.Build.0 = Debug|Any CPU
		{1FE6FBC1-9895-4AB2-AEEA-E1D9B2174C84}.Debug|x64.ActiveCfg = Debug|Any CPU
		{1FE6FBC1-9895-4AB2-AEEA-E1D9B2174C84}.Debug|x64.Build.0 = Debug|Any CPU
		{1FE6FBC1-9895-4AB2-AEEA-E1D9B2174C84}.Debug|x86.ActiveCfg = Debug|Any CPU
		{1FE6FBC1-9895-4AB2-AEEA-E1D9B2174C84}.Debug|x86.Build.0 = Debug|Any CPU
		{1FE6FBC1-9895-4AB2-AEEA-E1D9B2174C84}.Release|Any CPU.ActiveCfg = Release|Any CPU
		{1FE6FBC1-9895-4AB2-AEEA-E1D9B2174C84}.Release|Any CPU.Build.0 = Release|Any CPU
		{1FE6FBC1-9895-4AB2-AEEA-E1D9B2174C84}.Release|x64.ActiveCfg = Release|Any CPU
		{1FE6FBC1-9895-4AB2-AEEA-E1D9B2174C84}.Release|x64.Build.0 = Release|Any CPU
		{1FE6FBC1-9895-4AB2-AEEA-E1D9B2174C84}.Release|x86.ActiveCfg = Release|Any CPU
		{1FE6FBC1-9895-4AB2-AEEA-E1D9B2174C84}.Release|x86.Build.0 = Release|Any CPU
		{2665DD72-B215-4688-BFD1-8C90700C03FD}.Debug|Any CPU.ActiveCfg = Debug|Any CPU
		{2665DD72-B215-4688-BFD1-8C90700C03FD}.Debug|Any CPU.Build.0 = Debug|Any CPU
		{2665DD72-B215-4688-BFD1-8C90700C03FD}.Debug|x64.ActiveCfg = Debug|Any CPU
		{2665DD72-B215-4688-BFD1-8C90700C03FD}.Debug|x64.Build.0 = Debug|Any CPU
		{2665DD72-B215-4688-BFD1-8C90700C03FD}.Debug|x86.ActiveCfg = Debug|Any CPU
		{2665DD72-B215-4688-BFD1-8C90700C03FD}.Debug|x86.Build.0 = Debug|Any CPU
		{2665DD72-B215-4688-BFD1-8C90700C03FD}.Release|Any CPU.ActiveCfg = Release|Any CPU
		{2665DD72-B215-4688-BFD1-8C90700C03FD}.Release|Any CPU.Build.0 = Release|Any CPU
		{2665DD72-B215-4688-BFD1-8C90700C03FD}.Release|x64.ActiveCfg = Release|Any CPU
		{2665DD72-B215-4688-BFD1-8C90700C03FD}.Release|x64.Build.0 = Release|Any CPU
		{2665DD72-B215-4688-BFD1-8C90700C03FD}.Release|x86.ActiveCfg = Release|Any CPU
		{2665DD72-B215-4688-BFD1-8C90700C03FD}.Release|x86.Build.0 = Release|Any CPU
		{13F4B0B1-24DE-46CF-AAAB-A7F8528CD938}.Debug|Any CPU.ActiveCfg = Debug|Any CPU
		{13F4B0B1-24DE-46CF-AAAB-A7F8528CD938}.Debug|Any CPU.Build.0 = Debug|Any CPU
		{13F4B0B1-24DE-46CF-AAAB-A7F8528CD938}.Debug|x64.ActiveCfg = Debug|Any CPU
		{13F4B0B1-24DE-46CF-AAAB-A7F8528CD938}.Debug|x64.Build.0 = Debug|Any CPU
		{13F4B0B1-24DE-46CF-AAAB-A7F8528CD938}.Debug|x86.ActiveCfg = Debug|Any CPU
		{13F4B0B1-24DE-46CF-AAAB-A7F8528CD938}.Debug|x86.Build.0 = Debug|Any CPU
		{13F4B0B1-24DE-46CF-AAAB-A7F8528CD938}.Release|Any CPU.ActiveCfg = Release|Any CPU
		{13F4B0B1-24DE-46CF-AAAB-A7F8528CD938}.Release|Any CPU.Build.0 = Release|Any CPU
		{13F4B0B1-24DE-46CF-AAAB-A7F8528CD938}.Release|x64.ActiveCfg = Release|Any CPU
		{13F4B0B1-24DE-46CF-AAAB-A7F8528CD938}.Release|x64.Build.0 = Release|Any CPU
		{13F4B0B1-24DE-46CF-AAAB-A7F8528CD938}.Release|x86.ActiveCfg = Release|Any CPU
		{13F4B0B1-24DE-46CF-AAAB-A7F8528CD938}.Release|x86.Build.0 = Release|Any CPU
		{8955028F-5458-425A-B6C5-538D9BBE76C0}.Debug|Any CPU.ActiveCfg = Debug|Any CPU
		{8955028F-5458-425A-B6C5-538D9BBE76C0}.Debug|Any CPU.Build.0 = Debug|Any CPU
		{8955028F-5458-425A-B6C5-538D9BBE76C0}.Debug|x64.ActiveCfg = Debug|Any CPU
		{8955028F-5458-425A-B6C5-538D9BBE76C0}.Debug|x64.Build.0 = Debug|Any CPU
		{8955028F-5458-425A-B6C5-538D9BBE76C0}.Debug|x86.ActiveCfg = Debug|Any CPU
		{8955028F-5458-425A-B6C5-538D9BBE76C0}.Debug|x86.Build.0 = Debug|Any CPU
		{8955028F-5458-425A-B6C5-538D9BBE76C0}.Release|Any CPU.ActiveCfg = Release|Any CPU
		{8955028F-5458-425A-B6C5-538D9BBE76C0}.Release|Any CPU.Build.0 = Release|Any CPU
		{8955028F-5458-425A-B6C5-538D9BBE76C0}.Release|x64.ActiveCfg = Release|Any CPU
		{8955028F-5458-425A-B6C5-538D9BBE76C0}.Release|x64.Build.0 = Release|Any CPU
		{8955028F-5458-425A-B6C5-538D9BBE76C0}.Release|x86.ActiveCfg = Release|Any CPU
		{8955028F-5458-425A-B6C5-538D9BBE76C0}.Release|x86.Build.0 = Release|Any CPU
		{8337B358-A6D0-4BCC-8717-5A44EFA11CAA}.Debug|Any CPU.ActiveCfg = Debug|Any CPU
		{8337B358-A6D0-4BCC-8717-5A44EFA11CAA}.Debug|Any CPU.Build.0 = Debug|Any CPU
		{8337B358-A6D0-4BCC-8717-5A44EFA11CAA}.Debug|x64.ActiveCfg = Debug|Any CPU
		{8337B358-A6D0-4BCC-8717-5A44EFA11CAA}.Debug|x64.Build.0 = Debug|Any CPU
		{8337B358-A6D0-4BCC-8717-5A44EFA11CAA}.Debug|x86.ActiveCfg = Debug|Any CPU
		{8337B358-A6D0-4BCC-8717-5A44EFA11CAA}.Debug|x86.Build.0 = Debug|Any CPU
		{8337B358-A6D0-4BCC-8717-5A44EFA11CAA}.Release|Any CPU.ActiveCfg = Release|Any CPU
		{8337B358-A6D0-4BCC-8717-5A44EFA11CAA}.Release|Any CPU.Build.0 = Release|Any CPU
		{8337B358-A6D0-4BCC-8717-5A44EFA11CAA}.Release|x64.ActiveCfg = Release|Any CPU
		{8337B358-A6D0-4BCC-8717-5A44EFA11CAA}.Release|x64.Build.0 = Release|Any CPU
		{8337B358-A6D0-4BCC-8717-5A44EFA11CAA}.Release|x86.ActiveCfg = Release|Any CPU
		{8337B358-A6D0-4BCC-8717-5A44EFA11CAA}.Release|x86.Build.0 = Release|Any CPU
		{E14207B1-70A4-4174-A9C3-6A1B60883BDB}.Debug|Any CPU.ActiveCfg = Debug|Any CPU
		{E14207B1-70A4-4174-A9C3-6A1B60883BDB}.Debug|Any CPU.Build.0 = Debug|Any CPU
		{E14207B1-70A4-4174-A9C3-6A1B60883BDB}.Debug|x64.ActiveCfg = Debug|Any CPU
		{E14207B1-70A4-4174-A9C3-6A1B60883BDB}.Debug|x64.Build.0 = Debug|Any CPU
		{E14207B1-70A4-4174-A9C3-6A1B60883BDB}.Debug|x86.ActiveCfg = Debug|Any CPU
		{E14207B1-70A4-4174-A9C3-6A1B60883BDB}.Debug|x86.Build.0 = Debug|Any CPU
		{E14207B1-70A4-4174-A9C3-6A1B60883BDB}.Release|Any CPU.ActiveCfg = Release|Any CPU
		{E14207B1-70A4-4174-A9C3-6A1B60883BDB}.Release|Any CPU.Build.0 = Release|Any CPU
		{E14207B1-70A4-4174-A9C3-6A1B60883BDB}.Release|x64.ActiveCfg = Release|Any CPU
		{E14207B1-70A4-4174-A9C3-6A1B60883BDB}.Release|x64.Build.0 = Release|Any CPU
		{E14207B1-70A4-4174-A9C3-6A1B60883BDB}.Release|x86.ActiveCfg = Release|Any CPU
		{E14207B1-70A4-4174-A9C3-6A1B60883BDB}.Release|x86.Build.0 = Release|Any CPU
		{43AE3232-65C4-4F7F-9163-9C111BD40734}.Debug|Any CPU.ActiveCfg = Debug|Any CPU
		{43AE3232-65C4-4F7F-9163-9C111BD40734}.Debug|Any CPU.Build.0 = Debug|Any CPU
		{43AE3232-65C4-4F7F-9163-9C111BD40734}.Debug|x64.ActiveCfg = Debug|Any CPU
		{43AE3232-65C4-4F7F-9163-9C111BD40734}.Debug|x64.Build.0 = Debug|Any CPU
		{43AE3232-65C4-4F7F-9163-9C111BD40734}.Debug|x86.ActiveCfg = Debug|Any CPU
		{43AE3232-65C4-4F7F-9163-9C111BD40734}.Debug|x86.Build.0 = Debug|Any CPU
		{43AE3232-65C4-4F7F-9163-9C111BD40734}.Release|Any CPU.ActiveCfg = Release|Any CPU
		{43AE3232-65C4-4F7F-9163-9C111BD40734}.Release|Any CPU.Build.0 = Release|Any CPU
		{43AE3232-65C4-4F7F-9163-9C111BD40734}.Release|x64.ActiveCfg = Release|Any CPU
		{43AE3232-65C4-4F7F-9163-9C111BD40734}.Release|x64.Build.0 = Release|Any CPU
		{43AE3232-65C4-4F7F-9163-9C111BD40734}.Release|x86.ActiveCfg = Release|Any CPU
		{43AE3232-65C4-4F7F-9163-9C111BD40734}.Release|x86.Build.0 = Release|Any CPU
		{136727D0-CC24-44D0-B8D5-88CDFB78A0AC}.Debug|Any CPU.ActiveCfg = Debug|Any CPU
		{136727D0-CC24-44D0-B8D5-88CDFB78A0AC}.Debug|Any CPU.Build.0 = Debug|Any CPU
		{136727D0-CC24-44D0-B8D5-88CDFB78A0AC}.Debug|x64.ActiveCfg = Debug|Any CPU
		{136727D0-CC24-44D0-B8D5-88CDFB78A0AC}.Debug|x64.Build.0 = Debug|Any CPU
		{136727D0-CC24-44D0-B8D5-88CDFB78A0AC}.Debug|x86.ActiveCfg = Debug|Any CPU
		{136727D0-CC24-44D0-B8D5-88CDFB78A0AC}.Debug|x86.Build.0 = Debug|Any CPU
		{136727D0-CC24-44D0-B8D5-88CDFB78A0AC}.Release|Any CPU.ActiveCfg = Release|Any CPU
		{136727D0-CC24-44D0-B8D5-88CDFB78A0AC}.Release|Any CPU.Build.0 = Release|Any CPU
		{136727D0-CC24-44D0-B8D5-88CDFB78A0AC}.Release|x64.ActiveCfg = Release|Any CPU
		{136727D0-CC24-44D0-B8D5-88CDFB78A0AC}.Release|x64.Build.0 = Release|Any CPU
		{136727D0-CC24-44D0-B8D5-88CDFB78A0AC}.Release|x86.ActiveCfg = Release|Any CPU
		{136727D0-CC24-44D0-B8D5-88CDFB78A0AC}.Release|x86.Build.0 = Release|Any CPU
		{69F07CF8-E198-44D8-AC94-C1ECEB89E6CF}.Debug|Any CPU.ActiveCfg = Debug|Any CPU
		{69F07CF8-E198-44D8-AC94-C1ECEB89E6CF}.Debug|Any CPU.Build.0 = Debug|Any CPU
		{69F07CF8-E198-44D8-AC94-C1ECEB89E6CF}.Debug|x64.ActiveCfg = Debug|Any CPU
		{69F07CF8-E198-44D8-AC94-C1ECEB89E6CF}.Debug|x64.Build.0 = Debug|Any CPU
		{69F07CF8-E198-44D8-AC94-C1ECEB89E6CF}.Debug|x86.ActiveCfg = Debug|Any CPU
		{69F07CF8-E198-44D8-AC94-C1ECEB89E6CF}.Debug|x86.Build.0 = Debug|Any CPU
		{69F07CF8-E198-44D8-AC94-C1ECEB89E6CF}.Release|Any CPU.ActiveCfg = Release|Any CPU
		{69F07CF8-E198-44D8-AC94-C1ECEB89E6CF}.Release|Any CPU.Build.0 = Release|Any CPU
		{69F07CF8-E198-44D8-AC94-C1ECEB89E6CF}.Release|x64.ActiveCfg = Release|Any CPU
		{69F07CF8-E198-44D8-AC94-C1ECEB89E6CF}.Release|x64.Build.0 = Release|Any CPU
		{69F07CF8-E198-44D8-AC94-C1ECEB89E6CF}.Release|x86.ActiveCfg = Release|Any CPU
		{69F07CF8-E198-44D8-AC94-C1ECEB89E6CF}.Release|x86.Build.0 = Release|Any CPU
		{4135AC42-1AFA-4895-8E7D-6146226926C1}.Debug|Any CPU.ActiveCfg = Debug|Any CPU
		{4135AC42-1AFA-4895-8E7D-6146226926C1}.Debug|Any CPU.Build.0 = Debug|Any CPU
		{4135AC42-1AFA-4895-8E7D-6146226926C1}.Debug|x64.ActiveCfg = Debug|Any CPU
		{4135AC42-1AFA-4895-8E7D-6146226926C1}.Debug|x64.Build.0 = Debug|Any CPU
		{4135AC42-1AFA-4895-8E7D-6146226926C1}.Debug|x86.ActiveCfg = Debug|Any CPU
		{4135AC42-1AFA-4895-8E7D-6146226926C1}.Debug|x86.Build.0 = Debug|Any CPU
		{4135AC42-1AFA-4895-8E7D-6146226926C1}.Release|Any CPU.ActiveCfg = Release|Any CPU
		{4135AC42-1AFA-4895-8E7D-6146226926C1}.Release|Any CPU.Build.0 = Release|Any CPU
		{4135AC42-1AFA-4895-8E7D-6146226926C1}.Release|x64.ActiveCfg = Release|Any CPU
		{4135AC42-1AFA-4895-8E7D-6146226926C1}.Release|x64.Build.0 = Release|Any CPU
		{4135AC42-1AFA-4895-8E7D-6146226926C1}.Release|x86.ActiveCfg = Release|Any CPU
		{4135AC42-1AFA-4895-8E7D-6146226926C1}.Release|x86.Build.0 = Release|Any CPU
		{8E9A7A1B-70B9-4ED2-AF98-8A90AAAE23CB}.Debug|Any CPU.ActiveCfg = Debug|Any CPU
		{8E9A7A1B-70B9-4ED2-AF98-8A90AAAE23CB}.Debug|Any CPU.Build.0 = Debug|Any CPU
		{8E9A7A1B-70B9-4ED2-AF98-8A90AAAE23CB}.Debug|x64.ActiveCfg = Debug|Any CPU
		{8E9A7A1B-70B9-4ED2-AF98-8A90AAAE23CB}.Debug|x64.Build.0 = Debug|Any CPU
		{8E9A7A1B-70B9-4ED2-AF98-8A90AAAE23CB}.Debug|x86.ActiveCfg = Debug|Any CPU
		{8E9A7A1B-70B9-4ED2-AF98-8A90AAAE23CB}.Debug|x86.Build.0 = Debug|Any CPU
		{8E9A7A1B-70B9-4ED2-AF98-8A90AAAE23CB}.Release|Any CPU.ActiveCfg = Release|Any CPU
		{8E9A7A1B-70B9-4ED2-AF98-8A90AAAE23CB}.Release|Any CPU.Build.0 = Release|Any CPU
		{8E9A7A1B-70B9-4ED2-AF98-8A90AAAE23CB}.Release|x64.ActiveCfg = Release|Any CPU
		{8E9A7A1B-70B9-4ED2-AF98-8A90AAAE23CB}.Release|x64.Build.0 = Release|Any CPU
		{8E9A7A1B-70B9-4ED2-AF98-8A90AAAE23CB}.Release|x86.ActiveCfg = Release|Any CPU
		{8E9A7A1B-70B9-4ED2-AF98-8A90AAAE23CB}.Release|x86.Build.0 = Release|Any CPU
		{2F00A79A-7FB9-4657-A2AB-990406DAABB0}.Debug|Any CPU.ActiveCfg = Debug|Any CPU
		{2F00A79A-7FB9-4657-A2AB-990406DAABB0}.Debug|Any CPU.Build.0 = Debug|Any CPU
		{2F00A79A-7FB9-4657-A2AB-990406DAABB0}.Debug|x64.ActiveCfg = Debug|Any CPU
		{2F00A79A-7FB9-4657-A2AB-990406DAABB0}.Debug|x64.Build.0 = Debug|Any CPU
		{2F00A79A-7FB9-4657-A2AB-990406DAABB0}.Debug|x86.ActiveCfg = Debug|Any CPU
		{2F00A79A-7FB9-4657-A2AB-990406DAABB0}.Debug|x86.Build.0 = Debug|Any CPU
		{2F00A79A-7FB9-4657-A2AB-990406DAABB0}.Release|Any CPU.ActiveCfg = Release|Any CPU
		{2F00A79A-7FB9-4657-A2AB-990406DAABB0}.Release|Any CPU.Build.0 = Release|Any CPU
		{2F00A79A-7FB9-4657-A2AB-990406DAABB0}.Release|x64.ActiveCfg = Release|Any CPU
		{2F00A79A-7FB9-4657-A2AB-990406DAABB0}.Release|x64.Build.0 = Release|Any CPU
		{2F00A79A-7FB9-4657-A2AB-990406DAABB0}.Release|x86.ActiveCfg = Release|Any CPU
		{2F00A79A-7FB9-4657-A2AB-990406DAABB0}.Release|x86.Build.0 = Release|Any CPU
		{2125CAEA-2646-4224-8554-4C40C296360D}.Debug|Any CPU.ActiveCfg = Debug|Any CPU
		{2125CAEA-2646-4224-8554-4C40C296360D}.Debug|Any CPU.Build.0 = Debug|Any CPU
		{2125CAEA-2646-4224-8554-4C40C296360D}.Debug|x64.ActiveCfg = Debug|Any CPU
		{2125CAEA-2646-4224-8554-4C40C296360D}.Debug|x64.Build.0 = Debug|Any CPU
		{2125CAEA-2646-4224-8554-4C40C296360D}.Debug|x86.ActiveCfg = Debug|Any CPU
		{2125CAEA-2646-4224-8554-4C40C296360D}.Debug|x86.Build.0 = Debug|Any CPU
		{2125CAEA-2646-4224-8554-4C40C296360D}.Release|Any CPU.ActiveCfg = Release|Any CPU
		{2125CAEA-2646-4224-8554-4C40C296360D}.Release|Any CPU.Build.0 = Release|Any CPU
		{2125CAEA-2646-4224-8554-4C40C296360D}.Release|x64.ActiveCfg = Release|Any CPU
		{2125CAEA-2646-4224-8554-4C40C296360D}.Release|x64.Build.0 = Release|Any CPU
		{2125CAEA-2646-4224-8554-4C40C296360D}.Release|x86.ActiveCfg = Release|Any CPU
		{2125CAEA-2646-4224-8554-4C40C296360D}.Release|x86.Build.0 = Release|Any CPU
		{1C8FC34A-FFC3-4DC1-9BB2-C935F0177B89}.Debug|Any CPU.ActiveCfg = Debug|Any CPU
		{1C8FC34A-FFC3-4DC1-9BB2-C935F0177B89}.Debug|Any CPU.Build.0 = Debug|Any CPU
		{1C8FC34A-FFC3-4DC1-9BB2-C935F0177B89}.Debug|x64.ActiveCfg = Debug|Any CPU
		{1C8FC34A-FFC3-4DC1-9BB2-C935F0177B89}.Debug|x64.Build.0 = Debug|Any CPU
		{1C8FC34A-FFC3-4DC1-9BB2-C935F0177B89}.Debug|x86.ActiveCfg = Debug|Any CPU
		{1C8FC34A-FFC3-4DC1-9BB2-C935F0177B89}.Debug|x86.Build.0 = Debug|Any CPU
		{1C8FC34A-FFC3-4DC1-9BB2-C935F0177B89}.Release|Any CPU.ActiveCfg = Release|Any CPU
		{1C8FC34A-FFC3-4DC1-9BB2-C935F0177B89}.Release|Any CPU.Build.0 = Release|Any CPU
		{1C8FC34A-FFC3-4DC1-9BB2-C935F0177B89}.Release|x64.ActiveCfg = Release|Any CPU
		{1C8FC34A-FFC3-4DC1-9BB2-C935F0177B89}.Release|x64.Build.0 = Release|Any CPU
		{1C8FC34A-FFC3-4DC1-9BB2-C935F0177B89}.Release|x86.ActiveCfg = Release|Any CPU
		{1C8FC34A-FFC3-4DC1-9BB2-C935F0177B89}.Release|x86.Build.0 = Release|Any CPU
	EndGlobalSection
	GlobalSection(SolutionProperties) = preSolution
		HideSolutionNode = FALSE
	EndGlobalSection
	GlobalSection(NestedProjects) = preSolution
		{3B67CF67-9388-5A14-B3D2-F6F69E5ABE36} = {827E0CD3-B72D-47B6-A68D-7590B98EB39B}
		{4C71FEDB-15DB-45C1-AF7A-3F70AB9952E1} = {3B67CF67-9388-5A14-B3D2-F6F69E5ABE36}
		{314FA99C-A4DC-5C2E-74B2-AB6E0ADBEA0D} = {827E0CD3-B72D-47B6-A68D-7590B98EB39B}
		{8A1EE07F-26CF-472F-9679-EF85B19BD457} = {314FA99C-A4DC-5C2E-74B2-AB6E0ADBEA0D}
		{D53163E4-8810-3D7A-1A3B-8229BA77D324} = {827E0CD3-B72D-47B6-A68D-7590B98EB39B}
		{A4189C17-7735-44B1-BF02-3F237C1D59F7} = {D53163E4-8810-3D7A-1A3B-8229BA77D324}
		{03997797-E7F5-0643-168D-B8EA7178C2FE} = {827E0CD3-B72D-47B6-A68D-7590B98EB39B}
		{DF44A251-8DF9-83E1-6745-C09F89D9D740} = {03997797-E7F5-0643-168D-B8EA7178C2FE}
		{864751BF-687F-4A82-AB4F-FCEFCCE09BE1} = {DF44A251-8DF9-83E1-6745-C09F89D9D740}
		{58A5B24B-8FB4-5A6E-5EF4-1E3E19F29B1B} = {827E0CD3-B72D-47B6-A68D-7590B98EB39B}
		{E10B3409-3394-B8B6-D7DD-01FEEA0377AC} = {58A5B24B-8FB4-5A6E-5EF4-1E3E19F29B1B}
		{9F786254-9FF5-CEA9-2061-E15976C5A382} = {E10B3409-3394-B8B6-D7DD-01FEEA0377AC}
		{03716A04-680A-40E2-A982-A120F0A434ED} = {9F786254-9FF5-CEA9-2061-E15976C5A382}
		{426A7048-8283-BAE6-BD7B-DED616B6BDC3} = {827E0CD3-B72D-47B6-A68D-7590B98EB39B}
		{2F9486E2-0C41-4C85-880B-DA412D642200} = {426A7048-8283-BAE6-BD7B-DED616B6BDC3}
		{D88A8E56-F727-3664-1275-7C905824BD75} = {827E0CD3-B72D-47B6-A68D-7590B98EB39B}
		{858D2878-43CD-47CA-AA64-2DBA40DC6991} = {D88A8E56-F727-3664-1275-7C905824BD75}
		{6823D6FE-C98D-44A9-B143-C7D4D56B515D} = {0AB3BF05-4346-4AA6-1389-037BE0695223}
		{FCD62356-C98E-47E9-DD6D-7714502426EE} = {827E0CD3-B72D-47B6-A68D-7590B98EB39B}
		{8D4AD557-40CB-470D-8D49-74187F91FE4C} = {FCD62356-C98E-47E9-DD6D-7714502426EE}
		{7719DD96-715A-9BAF-B410-CDBF9C00F5B4} = {827E0CD3-B72D-47B6-A68D-7590B98EB39B}
		{A9DE6193-AB23-4088-BA3A-02D2C5A109A9} = {7719DD96-715A-9BAF-B410-CDBF9C00F5B4}
		{714165A8-307B-D8E6-B664-23D86730FDFC} = {827E0CD3-B72D-47B6-A68D-7590B98EB39B}
		{CD755DE4-5B20-6E67-BEE1-01E6E0F9F4F4} = {714165A8-307B-D8E6-B664-23D86730FDFC}
		{1FE6FBC1-9895-4AB2-AEEA-E1D9B2174C84} = {CD755DE4-5B20-6E67-BEE1-01E6E0F9F4F4}
		{9BA257B0-EFF7-2328-85A8-2BE071D74F32} = {827E0CD3-B72D-47B6-A68D-7590B98EB39B}
		{2665DD72-B215-4688-BFD1-8C90700C03FD} = {9BA257B0-EFF7-2328-85A8-2BE071D74F32}
		{3339D402-2AB5-41A5-71BE-05E6399CF675} = {827E0CD3-B72D-47B6-A68D-7590B98EB39B}
		{13F4B0B1-24DE-46CF-AAAB-A7F8528CD938} = {3339D402-2AB5-41A5-71BE-05E6399CF675}
		{1051BD71-A06F-1F81-0610-AC9897EA1EE8} = {0AB3BF05-4346-4AA6-1389-037BE0695223}
		{177CECA3-2BEC-EBD1-2839-8A1D9976BC5C} = {1051BD71-A06F-1F81-0610-AC9897EA1EE8}
		{FC34F054-3D73-3B0E-F618-A80C8ACAC777} = {177CECA3-2BEC-EBD1-2839-8A1D9976BC5C}
		{8955028F-5458-425A-B6C5-538D9BBE76C0} = {FC34F054-3D73-3B0E-F618-A80C8ACAC777}
		{2A4D681E-3466-09CF-A4B6-E8B88A6C7529} = {0AB3BF05-4346-4AA6-1389-037BE0695223}
		{8337B358-A6D0-4BCC-8717-5A44EFA11CAA} = {2A4D681E-3466-09CF-A4B6-E8B88A6C7529}
		{3C19B6CD-9D3E-EFBF-E0B3-244C787AF08C} = {0AB3BF05-4346-4AA6-1389-037BE0695223}
		{E14207B1-70A4-4174-A9C3-6A1B60883BDB} = {3C19B6CD-9D3E-EFBF-E0B3-244C787AF08C}
		{5322B69A-5E40-DD49-F0DE-0779A29350EB} = {0AB3BF05-4346-4AA6-1389-037BE0695223}
		{43AE3232-65C4-4F7F-9163-9C111BD40734} = {5322B69A-5E40-DD49-F0DE-0779A29350EB}
		{27D326DA-42F7-41D1-16A8-6FBC2A71A5CB} = {0AB3BF05-4346-4AA6-1389-037BE0695223}
		{136727D0-CC24-44D0-B8D5-88CDFB78A0AC} = {27D326DA-42F7-41D1-16A8-6FBC2A71A5CB}
		{AF25AB85-5B82-B5D4-F1E8-C7E79043EC7B} = {0AB3BF05-4346-4AA6-1389-037BE0695223}
		{69F07CF8-E198-44D8-AC94-C1ECEB89E6CF} = {AF25AB85-5B82-B5D4-F1E8-C7E79043EC7B}
		{DA079E42-5CCF-9661-15D8-3EFE1CB55270} = {0AB3BF05-4346-4AA6-1389-037BE0695223}
		{4135AC42-1AFA-4895-8E7D-6146226926C1} = {DA079E42-5CCF-9661-15D8-3EFE1CB55270}
		{62EB4910-3085-D5F7-07F0-ADDD05668AE4} = {0AB3BF05-4346-4AA6-1389-037BE0695223}
		{0E06BC10-A4B7-6B60-9462-A411543277A5} = {62EB4910-3085-D5F7-07F0-ADDD05668AE4}
		{8E9A7A1B-70B9-4ED2-AF98-8A90AAAE23CB} = {0E06BC10-A4B7-6B60-9462-A411543277A5}
		{82BCBF12-36D2-3ABE-7F07-7301DBB31A76} = {0AB3BF05-4346-4AA6-1389-037BE0695223}
		{2F00A79A-7FB9-4657-A2AB-990406DAABB0} = {82BCBF12-36D2-3ABE-7F07-7301DBB31A76}
		{2125CAEA-2646-4224-8554-4C40C296360D} = {226567F5-DD15-7888-5BF1-C4407778305A}
		{1C8FC34A-FFC3-4DC1-9BB2-C935F0177B89} = {0AB3BF05-4346-4AA6-1389-037BE0695223}
	EndGlobalSection
EndGlobal
